
Microsoft Visual Studio Solution File, Format Version 12.00
# Visual Studio Version 17
VisualStudioVersion = 17.9.34616.47
MinimumVisualStudioVersion = 10.0.40219.1
Project("{FAE04EC0-301F-11D3-BF4B-00C04F79EFBC}") = "Project1", "Project1.csproj", "{A2CA5A7C-200E-43C7-895F-CDA73FE5EBEF}"
EndProject
Project("{FAE04EC0-301F-11D3-BF4B-00C04F79EFBC}") = "TestProject1", "..\TestProject1\TestProject1.csproj", "{707F0CC5-AB75-4EF4-AA52-D00CA798E75E}"
EndProject
Global
	GlobalSection(SolutionConfigurationPlatforms) = preSolution
		Debug|Any CPU = Debug|Any CPU
		Release|Any CPU = Release|Any CPU
	EndGlobalSection
	GlobalSection(ProjectConfigurationPlatforms) = postSolution
		{A2CA5A7C-200E-43C7-895F-CDA73FE5EBEF}.Debug|Any CPU.ActiveCfg = Debug|Any CPU
		{A2CA5A7C-200E-43C7-895F-CDA73FE5EBEF}.Debug|Any CPU.Build.0 = Debug|Any CPU
		{A2CA5A7C-200E-43C7-895F-CDA73FE5EBEF}.Release|Any CPU.ActiveCfg = Release|Any CPU
		{A2CA5A7C-200E-43C7-895F-CDA73FE5EBEF}.Release|Any CPU.Build.0 = Release|Any CPU
		{707F0CC5-AB75-4EF4-AA52-D00CA798E75E}.Debug|Any CPU.ActiveCfg = Debug|Any CPU
		{707F0CC5-AB75-4EF4-AA52-D00CA798E75E}.Debug|Any CPU.Build.0 = Debug|Any CPU
		{707F0CC5-AB75-4EF4-AA52-D00CA798E75E}.Release|Any CPU.ActiveCfg = Release|Any CPU
		{707F0CC5-AB75-4EF4-AA52-D00CA798E75E}.Release|Any CPU.Build.0 = Release|Any CPU
	EndGlobalSection
	GlobalSection(SolutionProperties) = preSolution
		HideSolutionNode = FALSE
	EndGlobalSection
	GlobalSection(ExtensibilityGlobals) = postSolution
		SolutionGuid = {C86E71ED-601B-48B1-922E-3A19176A13AE}
	EndGlobalSection
EndGlobal
